// !$*UTF8*$!
{
	archiveVersion = 1;
	classes = {
	};
	objectVersion = 50;
	objects = {

/* Begin PBXBuildFile section */
		E21011FE234ED2A500DBF022 /* AppDelegate.swift in Sources */ = {isa = PBXBuildFile; fileRef = E21011FD234ED2A500DBF022 /* AppDelegate.swift */; };
		E2101200234ED2A500DBF022 /* SceneDelegate.swift in Sources */ = {isa = PBXBuildFile; fileRef = E21011FF234ED2A500DBF022 /* SceneDelegate.swift */; };
		E2101207234ED2A600DBF022 /* Assets.xcassets in Resources */ = {isa = PBXBuildFile; fileRef = E2101206234ED2A600DBF022 /* Assets.xcassets */; };
		E210120A234ED2A600DBF022 /* LaunchScreen.storyboard in Resources */ = {isa = PBXBuildFile; fileRef = E2101208234ED2A600DBF022 /* LaunchScreen.storyboard */; };
		E238CA1F234ED5AB0021B865 /* MainTab.storyboard in Resources */ = {isa = PBXBuildFile; fileRef = E238CA1E234ED5AB0021B865 /* MainTab.storyboard */; };
		E238CA21234ED7400021B865 /* Home.storyboard in Resources */ = {isa = PBXBuildFile; fileRef = E238CA20234ED7400021B865 /* Home.storyboard */; };
		E238CA23234ED8A40021B865 /* Request.storyboard in Resources */ = {isa = PBXBuildFile; fileRef = E238CA22234ED8A40021B865 /* Request.storyboard */; };
		E2B1D31D234F7B380003F16E /* HomeViewController.swift in Sources */ = {isa = PBXBuildFile; fileRef = E2B1D31C234F7B380003F16E /* HomeViewController.swift */; };
		E2B1D31F234F7B590003F16E /* RequestViewController.swift in Sources */ = {isa = PBXBuildFile; fileRef = E2B1D31E234F7B590003F16E /* RequestViewController.swift */; };
		E2B1D3212350B4540003F16E /* Response.storyboard in Resources */ = {isa = PBXBuildFile; fileRef = E2B1D3202350B4540003F16E /* Response.storyboard */; };
		E2B1D3232350B5050003F16E /* MyPage.storyboard in Resources */ = {isa = PBXBuildFile; fileRef = E2B1D3222350B5050003F16E /* MyPage.storyboard */; };
/* End PBXBuildFile section */

/* Begin PBXFileReference section */
		E21011FA234ED2A500DBF022 /* TranslationSNS.app */ = {isa = PBXFileReference; explicitFileType = wrapper.application; includeInIndex = 0; path = TranslationSNS.app; sourceTree = BUILT_PRODUCTS_DIR; };
		E21011FD234ED2A500DBF022 /* AppDelegate.swift */ = {isa = PBXFileReference; lastKnownFileType = sourcecode.swift; path = AppDelegate.swift; sourceTree = "<group>"; };
		E21011FF234ED2A500DBF022 /* SceneDelegate.swift */ = {isa = PBXFileReference; lastKnownFileType = sourcecode.swift; path = SceneDelegate.swift; sourceTree = "<group>"; };
		E2101206234ED2A600DBF022 /* Assets.xcassets */ = {isa = PBXFileReference; lastKnownFileType = folder.assetcatalog; path = Assets.xcassets; sourceTree = "<group>"; };
		E2101209234ED2A600DBF022 /* Base */ = {isa = PBXFileReference; lastKnownFileType = file.storyboard; name = Base; path = Base.lproj/LaunchScreen.storyboard; sourceTree = "<group>"; };
		E210120B234ED2A600DBF022 /* Info.plist */ = {isa = PBXFileReference; lastKnownFileType = text.plist.xml; path = Info.plist; sourceTree = "<group>"; };
		E238CA1E234ED5AB0021B865 /* MainTab.storyboard */ = {isa = PBXFileReference; lastKnownFileType = file.storyboard; path = MainTab.storyboard; sourceTree = "<group>"; };
		E238CA20234ED7400021B865 /* Home.storyboard */ = {isa = PBXFileReference; lastKnownFileType = file.storyboard; path = Home.storyboard; sourceTree = "<group>"; };
		E238CA22234ED8A40021B865 /* Request.storyboard */ = {isa = PBXFileReference; lastKnownFileType = file.storyboard; path = Request.storyboard; sourceTree = "<group>"; };
		E2B1D31C234F7B380003F16E /* HomeViewController.swift */ = {isa = PBXFileReference; lastKnownFileType = sourcecode.swift; path = HomeViewController.swift; sourceTree = "<group>"; };
		E2B1D31E234F7B590003F16E /* RequestViewController.swift */ = {isa = PBXFileReference; lastKnownFileType = sourcecode.swift; path = RequestViewController.swift; sourceTree = "<group>"; };
		E2B1D3202350B4540003F16E /* Response.storyboard */ = {isa = PBXFileReference; lastKnownFileType = file.storyboard; path = Response.storyboard; sourceTree = "<group>"; };
		E2B1D3222350B5050003F16E /* MyPage.storyboard */ = {isa = PBXFileReference; lastKnownFileType = file.storyboard; path = MyPage.storyboard; sourceTree = "<group>"; };
/* End PBXFileReference section */

/* Begin PBXFrameworksBuildPhase section */
		E21011F7234ED2A500DBF022 /* Frameworks */ = {
			isa = PBXFrameworksBuildPhase;
			buildActionMask = 2147483647;
			files = (
			);
			runOnlyForDeploymentPostprocessing = 0;
		};
/* End PBXFrameworksBuildPhase section */

/* Begin PBXGroup section */
		E21011F1234ED2A500DBF022 = {
			isa = PBXGroup;
			children = (
				E21011FC234ED2A500DBF022 /* TranslationSNS */,
				E21011FB234ED2A500DBF022 /* Products */,
			);
			sourceTree = "<group>";
		};
		E21011FB234ED2A500DBF022 /* Products */ = {
			isa = PBXGroup;
			children = (
				E21011FA234ED2A500DBF022 /* TranslationSNS.app */,
			);
			name = Products;
			sourceTree = "<group>";
		};
		E21011FC234ED2A500DBF022 /* TranslationSNS */ = {
			isa = PBXGroup;
			children = (
				E238CA25234EDAA00021B865 /* Delegate */,
				E238CA24234EDA4D0021B865 /* SupportingFIle */,
				E238CA1D234ED5520021B865 /* Resource */,
				E238CA1C234ED5370021B865 /* ViewController */,
				E238CA1B234ED52F0021B865 /* UI */,
			);
			path = TranslationSNS;
			sourceTree = "<group>";
		};
		E238CA1B234ED52F0021B865 /* UI */ = {
			isa = PBXGroup;
			children = (
				E2101208234ED2A600DBF022 /* LaunchScreen.storyboard */,
				E238CA1E234ED5AB0021B865 /* MainTab.storyboard */,
				E238CA20234ED7400021B865 /* Home.storyboard */,
				E238CA22234ED8A40021B865 /* Request.storyboard */,
				E2B1D3202350B4540003F16E /* Response.storyboard */,
				E2B1D3222350B5050003F16E /* MyPage.storyboard */,
			);
			path = UI;
			sourceTree = "<group>";
		};
		E238CA1C234ED5370021B865 /* ViewController */ = {
			isa = PBXGroup;
			children = (
				E2B1D31C234F7B380003F16E /* HomeViewController.swift */,
				E2B1D31E234F7B590003F16E /* RequestViewController.swift */,
			);
			path = ViewController;
			sourceTree = "<group>";
		};
		E238CA1D234ED5520021B865 /* Resource */ = {
			isa = PBXGroup;
			children = (
				E2101206234ED2A600DBF022 /* Assets.xcassets */,
			);
			path = Resource;
			sourceTree = "<group>";
		};
		E238CA24234EDA4D0021B865 /* SupportingFIle */ = {
			isa = PBXGroup;
			children = (
				E210120B234ED2A600DBF022 /* Info.plist */,
			);
			path = SupportingFIle;
			sourceTree = "<group>";
		};
		E238CA25234EDAA00021B865 /* Delegate */ = {
			isa = PBXGroup;
			children = (
				E21011FD234ED2A500DBF022 /* AppDelegate.swift */,
				E21011FF234ED2A500DBF022 /* SceneDelegate.swift */,
			);
			path = Delegate;
			sourceTree = "<group>";
		};
/* End PBXGroup section */

/* Begin PBXNativeTarget section */
		E21011F9234ED2A500DBF022 /* TranslationSNS */ = {
			isa = PBXNativeTarget;
			buildConfigurationList = E210120E234ED2A600DBF022 /* Build configuration list for PBXNativeTarget "TranslationSNS" */;
			buildPhases = (
				E21011F6234ED2A500DBF022 /* Sources */,
				E21011F7234ED2A500DBF022 /* Frameworks */,
				E21011F8234ED2A500DBF022 /* Resources */,
			);
			buildRules = (
			);
			dependencies = (
			);
			name = TranslationSNS;
			productName = TranslationSNS;
			productReference = E21011FA234ED2A500DBF022 /* TranslationSNS.app */;
			productType = "com.apple.product-type.application";
		};
/* End PBXNativeTarget section */

/* Begin PBXProject section */
		E21011F2234ED2A500DBF022 /* Project object */ = {
			isa = PBXProject;
			attributes = {
				LastSwiftUpdateCheck = 1100;
				LastUpgradeCheck = 1100;
				ORGANIZATIONNAME = beakhand;
				TargetAttributes = {
					E21011F9234ED2A500DBF022 = {
						CreatedOnToolsVersion = 11.0;
					};
				};
			};
			buildConfigurationList = E21011F5234ED2A500DBF022 /* Build configuration list for PBXProject "TranslationSNS" */;
			compatibilityVersion = "Xcode 9.3";
			developmentRegion = en;
			hasScannedForEncodings = 0;
			knownRegions = (
				en,
				Base,
			);
			mainGroup = E21011F1234ED2A500DBF022;
			productRefGroup = E21011FB234ED2A500DBF022 /* Products */;
			projectDirPath = "";
			projectRoot = "";
			targets = (
				E21011F9234ED2A500DBF022 /* TranslationSNS */,
			);
		};
/* End PBXProject section */

/* Begin PBXResourcesBuildPhase section */
		E21011F8234ED2A500DBF022 /* Resources */ = {
			isa = PBXResourcesBuildPhase;
			buildActionMask = 2147483647;
			files = (
				E210120A234ED2A600DBF022 /* LaunchScreen.storyboard in Resources */,
				E238CA21234ED7400021B865 /* Home.storyboard in Resources */,
				E238CA23234ED8A40021B865 /* Request.storyboard in Resources */,
				E2B1D3212350B4540003F16E /* Response.storyboard in Resources */,
				E2B1D3232350B5050003F16E /* MyPage.storyboard in Resources */,
				E238CA1F234ED5AB0021B865 /* MainTab.storyboard in Resources */,
				E2101207234ED2A600DBF022 /* Assets.xcassets in Resources */,
			);
			runOnlyForDeploymentPostprocessing = 0;
		};
/* End PBXResourcesBuildPhase section */

/* Begin PBXSourcesBuildPhase section */
		E21011F6234ED2A500DBF022 /* Sources */ = {
			isa = PBXSourcesBuildPhase;
			buildActionMask = 2147483647;
			files = (
				E21011FE234ED2A500DBF022 /* AppDelegate.swift in Sources */,
				E2101200234ED2A500DBF022 /* SceneDelegate.swift in Sources */,
				E2B1D31F234F7B590003F16E /* RequestViewController.swift in Sources */,
				E2B1D31D234F7B380003F16E /* HomeViewController.swift in Sources */,
			);
			runOnlyForDeploymentPostprocessing = 0;
		};
/* End PBXSourcesBuildPhase section */

/* Begin PBXVariantGroup section */
		E2101208234ED2A600DBF022 /* LaunchScreen.storyboard */ = {
			isa = PBXVariantGroup;
			children = (
				E2101209234ED2A600DBF022 /* Base */,
			);
			name = LaunchScreen.storyboard;
			sourceTree = "<group>";
		};
/* End PBXVariantGroup section */

/* Begin XCBuildConfiguration section */
		E210120C234ED2A600DBF022 /* Debug */ = {
			isa = XCBuildConfiguration;
			buildSettings = {
				ALWAYS_SEARCH_USER_PATHS = NO;
				CLANG_ANALYZER_NONNULL = YES;
				CLANG_ANALYZER_NUMBER_OBJECT_CONVERSION = YES_AGGRESSIVE;
				CLANG_CXX_LANGUAGE_STANDARD = "gnu++14";
				CLANG_CXX_LIBRARY = "libc++";
				CLANG_ENABLE_MODULES = YES;
				CLANG_ENABLE_OBJC_ARC = YES;
				CLANG_ENABLE_OBJC_WEAK = YES;
				CLANG_WARN_BLOCK_CAPTURE_AUTORELEASING = YES;
				CLANG_WARN_BOOL_CONVERSION = YES;
				CLANG_WARN_COMMA = YES;
				CLANG_WARN_CONSTANT_CONVERSION = YES;
				CLANG_WARN_DEPRECATED_OBJC_IMPLEMENTATIONS = YES;
				CLANG_WARN_DIRECT_OBJC_ISA_USAGE = YES_ERROR;
				CLANG_WARN_DOCUMENTATION_COMMENTS = YES;
				CLANG_WARN_EMPTY_BODY = YES;
				CLANG_WARN_ENUM_CONVERSION = YES;
				CLANG_WARN_INFINITE_RECURSION = YES;
				CLANG_WARN_INT_CONVERSION = YES;
				CLANG_WARN_NON_LITERAL_NULL_CONVERSION = YES;
				CLANG_WARN_OBJC_IMPLICIT_RETAIN_SELF = YES;
				CLANG_WARN_OBJC_LITERAL_CONVERSION = YES;
				CLANG_WARN_OBJC_ROOT_CLASS = YES_ERROR;
				CLANG_WARN_RANGE_LOOP_ANALYSIS = YES;
				CLANG_WARN_STRICT_PROTOTYPES = YES;
				CLANG_WARN_SUSPICIOUS_MOVE = YES;
				CLANG_WARN_UNGUARDED_AVAILABILITY = YES_AGGRESSIVE;
				CLANG_WARN_UNREACHABLE_CODE = YES;
				CLANG_WARN__DUPLICATE_METHOD_MATCH = YES;
				COPY_PHASE_STRIP = NO;
				DEBUG_INFORMATION_FORMAT = dwarf;
				ENABLE_STRICT_OBJC_MSGSEND = YES;
				ENABLE_TESTABILITY = YES;
				GCC_C_LANGUAGE_STANDARD = gnu11;
				GCC_DYNAMIC_NO_PIC = NO;
				GCC_NO_COMMON_BLOCKS = YES;
				GCC_OPTIMIZATION_LEVEL = 0;
				GCC_PREPROCESSOR_DEFINITIONS = (
					"DEBUG=1",
					"$(inherited)",
				);
				GCC_WARN_64_TO_32_BIT_CONVERSION = YES;
				GCC_WARN_ABOUT_RETURN_TYPE = YES_ERROR;
				GCC_WARN_UNDECLARED_SELECTOR = YES;
				GCC_WARN_UNINITIALIZED_AUTOS = YES_AGGRESSIVE;
				GCC_WARN_UNUSED_FUNCTION = YES;
				GCC_WARN_UNUSED_VARIABLE = YES;
				IPHONEOS_DEPLOYMENT_TARGET = 13.0;
				MTL_ENABLE_DEBUG_INFO = INCLUDE_SOURCE;
				MTL_FAST_MATH = YES;
				ONLY_ACTIVE_ARCH = YES;
				SDKROOT = iphoneos;
				SWIFT_ACTIVE_COMPILATION_CONDITIONS = DEBUG;
				SWIFT_OPTIMIZATION_LEVEL = "-Onone";
			};
			name = Debug;
		};
		E210120D234ED2A600DBF022 /* Release */ = {
			isa = XCBuildConfiguration;
			buildSettings = {
				ALWAYS_SEARCH_USER_PATHS = NO;
				CLANG_ANALYZER_NONNULL = YES;
				CLANG_ANALYZER_NUMBER_OBJECT_CONVERSION = YES_AGGRESSIVE;
				CLANG_CXX_LANGUAGE_STANDARD = "gnu++14";
				CLANG_CXX_LIBRARY = "libc++";
				CLANG_ENABLE_MODULES = YES;
				CLANG_ENABLE_OBJC_ARC = YES;
				CLANG_ENABLE_OBJC_WEAK = YES;
				CLANG_WARN_BLOCK_CAPTURE_AUTORELEASING = YES;
				CLANG_WARN_BOOL_CONVERSION = YES;
				CLANG_WARN_COMMA = YES;
				CLANG_WARN_CONSTANT_CONVERSION = YES;
				CLANG_WARN_DEPRECATED_OBJC_IMPLEMENTATIONS = YES;
				CLANG_WARN_DIRECT_OBJC_ISA_USAGE = YES_ERROR;
				CLANG_WARN_DOCUMENTATION_COMMENTS = YES;
				CLANG_WARN_EMPTY_BODY = YES;
				CLANG_WARN_ENUM_CONVERSION = YES;
				CLANG_WARN_INFINITE_RECURSION = YES;
				CLANG_WARN_INT_CONVERSION = YES;
				CLANG_WARN_NON_LITERAL_NULL_CONVERSION = YES;
				CLANG_WARN_OBJC_IMPLICIT_RETAIN_SELF = YES;
				CLANG_WARN_OBJC_LITERAL_CONVERSION = YES;
				CLANG_WARN_OBJC_ROOT_CLASS = YES_ERROR;
				CLANG_WARN_RANGE_LOOP_ANALYSIS = YES;
				CLANG_WARN_STRICT_PROTOTYPES = YES;
				CLANG_WARN_SUSPICIOUS_MOVE = YES;
				CLANG_WARN_UNGUARDED_AVAILABILITY = YES_AGGRESSIVE;
				CLANG_WARN_UNREACHABLE_CODE = YES;
				CLANG_WARN__DUPLICATE_METHOD_MATCH = YES;
				COPY_PHASE_STRIP = NO;
				DEBUG_INFORMATION_FORMAT = "dwarf-with-dsym";
				ENABLE_NS_ASSERTIONS = NO;
				ENABLE_STRICT_OBJC_MSGSEND = YES;
				GCC_C_LANGUAGE_STANDARD = gnu11;
				GCC_NO_COMMON_BLOCKS = YES;
				GCC_WARN_64_TO_32_BIT_CONVERSION = YES;
				GCC_WARN_ABOUT_RETURN_TYPE = YES_ERROR;
				GCC_WARN_UNDECLARED_SELECTOR = YES;
				GCC_WARN_UNINITIALIZED_AUTOS = YES_AGGRESSIVE;
				GCC_WARN_UNUSED_FUNCTION = YES;
				GCC_WARN_UNUSED_VARIABLE = YES;
				IPHONEOS_DEPLOYMENT_TARGET = 13.0;
				MTL_ENABLE_DEBUG_INFO = NO;
				MTL_FAST_MATH = YES;
				SDKROOT = iphoneos;
				SWIFT_COMPILATION_MODE = wholemodule;
				SWIFT_OPTIMIZATION_LEVEL = "-O";
				VALIDATE_PRODUCT = YES;
			};
			name = Release;
		};
		E210120F234ED2A600DBF022 /* Debug */ = {
			isa = XCBuildConfiguration;
			buildSettings = {
				ASSETCATALOG_COMPILER_APPICON_NAME = AppIcon;
				CODE_SIGN_STYLE = Automatic;
				DEVELOPMENT_TEAM = 5DBB9P46DP;
				INFOPLIST_FILE = TranslationSNS/SupportingFile/Info.plist;
				IPHONEOS_DEPLOYMENT_TARGET = 11.0;
				LD_RUNPATH_SEARCH_PATHS = (
					"$(inherited)",
					"@executable_path/Frameworks",
				);
				PRODUCT_BUNDLE_IDENTIFIER = com.beakhand.TranslationSNS;
				PRODUCT_NAME = "$(TARGET_NAME)";
				SWIFT_VERSION = 5.0;
				TARGETED_DEVICE_FAMILY = 1;
			};
			name = Debug;
		};
		E2101210234ED2A600DBF022 /* Release */ = {
			isa = XCBuildConfiguration;
			buildSettings = {
				ASSETCATALOG_COMPILER_APPICON_NAME = AppIcon;
				CODE_SIGN_STYLE = Automatic;
				DEVELOPMENT_TEAM = 5DBB9P46DP;
				INFOPLIST_FILE = TranslationSNS/SupportingFile/Info.plist;
				IPHONEOS_DEPLOYMENT_TARGET = 11.0;
				LD_RUNPATH_SEARCH_PATHS = (
					"$(inherited)",
					"@executable_path/Frameworks",
				);
				PRODUCT_BUNDLE_IDENTIFIER = com.beakhand.TranslationSNS;
				PRODUCT_NAME = "$(TARGET_NAME)";
				SWIFT_VERSION = 5.0;
				TARGETED_DEVICE_FAMILY = 1;
			};
			name = Release;
		};
/* End XCBuildConfiguration section */

/* Begin XCConfigurationList section */
		E21011F5234ED2A500DBF022 /* Build configuration list for PBXProject "TranslationSNS" */ = {
			isa = XCConfigurationList;
			buildConfigurations = (
				E210120C234ED2A600DBF022 /* Debug */,
				E210120D234ED2A600DBF022 /* Release */,
			);
			defaultConfigurationIsVisible = 0;
			defaultConfigurationName = Release;
		};
		E210120E234ED2A600DBF022 /* Build configuration list for PBXNativeTarget "TranslationSNS" */ = {
			isa = XCConfigurationList;
			buildConfigurations = (
				E210120F234ED2A600DBF022 /* Debug */,
				E2101210234ED2A600DBF022 /* Release */,
			);
			defaultConfigurationIsVisible = 0;
			defaultConfigurationName = Release;
		};
/* End XCConfigurationList section */
	};
	rootObject = E21011F2234ED2A500DBF022 /* Project object */;
}
